
Microsoft Visual Studio Solution File, Format Version 12.00
# Visual Studio 15
VisualStudioVersion = 15.0.27703.2035
MinimumVisualStudioVersion = 10.0.40219.1
Project("{FAE04EC0-301F-11D3-BF4B-00C04F79EFBC}") = "FirstPhoneBook", "FirstPhoneBook\FirstPhoneBook.csproj", "{2246F2C8-F921-4F05-933F-A398118791DD}"
EndProject
Global
	GlobalSection(SolutionConfigurationPlatforms) = preSolution
		Debug|Any CPU = Debug|Any CPU
		Release|Any CPU = Release|Any CPU
	EndGlobalSection
	GlobalSection(ProjectConfigurationPlatforms) = postSolution
		{2246F2C8-F921-4F05-933F-A398118791DD}.Debug|Any CPU.ActiveCfg = Debug|Any CPU
		{2246F2C8-F921-4F05-933F-A398118791DD}.Debug|Any CPU.Build.0 = Debug|Any CPU
		{2246F2C8-F921-4F05-933F-A398118791DD}.Release|Any CPU.ActiveCfg = Release|Any CPU
		{2246F2C8-F921-4F05-933F-A398118791DD}.Release|Any CPU.Build.0 = Release|Any CPU
	EndGlobalSection
	GlobalSection(SolutionProperties) = preSolution
		HideSolutionNode = FALSE
	EndGlobalSection
	GlobalSection(ExtensibilityGlobals) = postSolution
		SolutionGuid = {63D41D8A-C563-4F99-B147-D28FC1883636}
	EndGlobalSection
EndGlobal
